
Microsoft Visual Studio Solution File, Format Version 12.00
# Visual Studio Version 17
VisualStudioVersion = 17.8.34525.116
MinimumVisualStudioVersion = 10.0.40219.1
Project("{2150E333-8FDC-42A3-9474-1A3956D46DE8}") = "src", "src", "{07D8C96F-4ABA-4EB0-AEAD-2F0ADD0EE2DC}"
EndProject
Project("{2150E333-8FDC-42A3-9474-1A3956D46DE8}") = "Solution Items", "Solution Items", "{AF78198B-AE8B-4A0E-9D34-259EF7B97D44}"
	ProjectSection(SolutionItems) = preProject
		ServiceUrls.txt = ServiceUrls.txt
	EndProjectSection
EndProject
Project("{2150E333-8FDC-42A3-9474-1A3956D46DE8}") = "ApiGateways", "ApiGateways", "{B10BFE5B-55D3-4E92-BF4B-85967DEBD6CC}"
EndProject
Project("{2150E333-8FDC-42A3-9474-1A3956D46DE8}") = "BuildingBlocks", "BuildingBlocks", "{27C154E4-EB71-4181-82F0-CBE291FA6289}"
EndProject
Project("{2150E333-8FDC-42A3-9474-1A3956D46DE8}") = "Services", "Services", "{E085A271-BA7C-4856-AEC8-7E7D19FDE155}"
EndProject
Project("{2150E333-8FDC-42A3-9474-1A3956D46DE8}") = "Clients", "Clients", "{8587B113-4F1D-4ABC-874E-C177AB1B4259}"
EndProject
Project("{2150E333-8FDC-42A3-9474-1A3956D46DE8}") = "WebApiGateway", "WebApiGateway", "{DA4857DD-4A15-4208-AFB8-B59A087707D5}"
EndProject
Project("{9A19103F-16F7-4668-BE54-9A1E7A4F7556}") = "Web.ApiGateway", "src\ApiGateways\WebApiGateway\Web.ApiGateway\Web.ApiGateway.csproj", "{953DBA83-1CC1-409C-9BC5-6CD205563FFE}"
EndProject
Project("{2150E333-8FDC-42A3-9474-1A3956D46DE8}") = "EventBus", "EventBus", "{40C428CB-B0AD-4DC0-A662-62CE74B40660}"
EndProject
Project("{FAE04EC0-301F-11D3-BF4B-00C04F79EFBC}") = "EventBus.Base", "src\BuildingBlocks\EventBus\EventBus.Base\EventBus.Base.csproj", "{1F96AFCD-C867-45E3-B432-36B98BFB7261}"
EndProject
Project("{FAE04EC0-301F-11D3-BF4B-00C04F79EFBC}") = "EventBus.Factory", "src\BuildingBlocks\EventBus\EventBus.Factory\EventBus.Factory.csproj", "{C5245512-DBCE-4B30-933D-3672F10A9D6E}"
EndProject
Project("{FAE04EC0-301F-11D3-BF4B-00C04F79EFBC}") = "EventBus.AzureServiceBus", "src\BuildingBlocks\EventBus\EventBus.AzureServiceBus\EventBus.AzureServiceBus.csproj", "{7264CF6F-3408-4D27-A21B-F95D1CE566BB}"
EndProject
Project("{FAE04EC0-301F-11D3-BF4B-00C04F79EFBC}") = "EventBus.RabbitMQ", "src\BuildingBlocks\EventBus\EventBus.RabbitMQ\EventBus.RabbitMQ.csproj", "{AB4AD797-58BC-4E84-BCB9-8B1DB608D3B6}"
EndProject
Project("{2150E333-8FDC-42A3-9474-1A3956D46DE8}") = "BlazorWebApp", "BlazorWebApp", "{4DDA836E-5450-4F96-8C6A-DD7F7BFC42D6}"
EndProject
Project("{FAE04EC0-301F-11D3-BF4B-00C04F79EFBC}") = "WebApp", "src\Clients\BlazorWebApp\WebApp\WebApp.csproj", "{6136D24A-B4A7-4F4C-B1ED-03907A122B11}"
EndProject
Project("{2150E333-8FDC-42A3-9474-1A3956D46DE8}") = "BasketService", "BasketService", "{3A39E40B-BAD3-4838-A8B7-DB25B7A77D99}"
EndProject
Project("{FAE04EC0-301F-11D3-BF4B-00C04F79EFBC}") = "BasketService.Api", "src\Services\BasketService\BasketService.Api\BasketService.Api.csproj", "{D54CDB46-37C8-42E0-B195-8AF2595D77AA}"
EndProject
Project("{2150E333-8FDC-42A3-9474-1A3956D46DE8}") = "CatalogService", "CatalogService", "{2BAB5581-4AB2-4EBE-BEFA-96EF52EC3790}"
EndProject
Project("{FAE04EC0-301F-11D3-BF4B-00C04F79EFBC}") = "CatalogService.Api", "src\Services\CatalogService\CatalogService.Api\CatalogService.Api.csproj", "{DB1A5AF1-B447-4DC8-8BE3-051AD7C21680}"
EndProject
Project("{2150E333-8FDC-42A3-9474-1A3956D46DE8}") = "IdentityService", "IdentityService", "{7654EA3A-3FE5-499A-877E-77FACA3FDEAA}"
EndProject
Project("{FAE04EC0-301F-11D3-BF4B-00C04F79EFBC}") = "IdentityService.Api", "src\Services\IdentityService\IdentityService.Api\IdentityService.Api.csproj", "{61952ADD-8A16-40C8-8301-3B8F833205F9}"
EndProject
Project("{2150E333-8FDC-42A3-9474-1A3956D46DE8}") = "NotificationService", "NotificationService", "{BF6E85FF-7C1A-414E-9DD1-451DD41D174B}"
EndProject
Project("{FAE04EC0-301F-11D3-BF4B-00C04F79EFBC}") = "NotificationService", "src\Services\NotificationService\NotificationService\NotificationService.csproj", "{4FC85A67-CC32-4E41-9698-A7F8D4F91673}"
EndProject
Project("{2150E333-8FDC-42A3-9474-1A3956D46DE8}") = "OrderService", "OrderService", "{C6172CC1-65C7-4781-99E4-71C7CBD3DC03}"
EndProject
Project("{FAE04EC0-301F-11D3-BF4B-00C04F79EFBC}") = "OrderService.Domain", "src\Services\OrderService\OrderService.Domain\OrderService.Domain.csproj", "{73C92EFF-E80B-472D-9A86-21E437032952}"
EndProject
Project("{FAE04EC0-301F-11D3-BF4B-00C04F79EFBC}") = "OrderService.Application", "src\Services\OrderService\OrderService.Application\OrderService.Application.csproj", "{97F01878-AE29-46C0-82FA-4B164472791E}"
EndProject
Project("{FAE04EC0-301F-11D3-BF4B-00C04F79EFBC}") = "OrderService.Infrastructure", "src\Services\OrderService\OrderService.Infrastructure\OrderService.Infrastructure.csproj", "{F89E6A5F-D02E-4D5F-B66C-BB18F7C37B1B}"
EndProject
Global
	GlobalSection(SolutionConfigurationPlatforms) = preSolution
		Debug|Any CPU = Debug|Any CPU
		Release|Any CPU = Release|Any CPU
	EndGlobalSection
	GlobalSection(ProjectConfigurationPlatforms) = postSolution
		{953DBA83-1CC1-409C-9BC5-6CD205563FFE}.Debug|Any CPU.ActiveCfg = Debug|Any CPU
		{953DBA83-1CC1-409C-9BC5-6CD205563FFE}.Debug|Any CPU.Build.0 = Debug|Any CPU
		{953DBA83-1CC1-409C-9BC5-6CD205563FFE}.Release|Any CPU.ActiveCfg = Release|Any CPU
		{953DBA83-1CC1-409C-9BC5-6CD205563FFE}.Release|Any CPU.Build.0 = Release|Any CPU
		{1F96AFCD-C867-45E3-B432-36B98BFB7261}.Debug|Any CPU.ActiveCfg = Debug|Any CPU
		{1F96AFCD-C867-45E3-B432-36B98BFB7261}.Debug|Any CPU.Build.0 = Debug|Any CPU
		{1F96AFCD-C867-45E3-B432-36B98BFB7261}.Release|Any CPU.ActiveCfg = Release|Any CPU
		{1F96AFCD-C867-45E3-B432-36B98BFB7261}.Release|Any CPU.Build.0 = Release|Any CPU
		{C5245512-DBCE-4B30-933D-3672F10A9D6E}.Debug|Any CPU.ActiveCfg = Debug|Any CPU
		{C5245512-DBCE-4B30-933D-3672F10A9D6E}.Debug|Any CPU.Build.0 = Debug|Any CPU
		{C5245512-DBCE-4B30-933D-3672F10A9D6E}.Release|Any CPU.ActiveCfg = Release|Any CPU
		{C5245512-DBCE-4B30-933D-3672F10A9D6E}.Release|Any CPU.Build.0 = Release|Any CPU
		{7264CF6F-3408-4D27-A21B-F95D1CE566BB}.Debug|Any CPU.ActiveCfg = Debug|Any CPU
		{7264CF6F-3408-4D27-A21B-F95D1CE566BB}.Debug|Any CPU.Build.0 = Debug|Any CPU
		{7264CF6F-3408-4D27-A21B-F95D1CE566BB}.Release|Any CPU.ActiveCfg = Release|Any CPU
		{7264CF6F-3408-4D27-A21B-F95D1CE566BB}.Release|Any CPU.Build.0 = Release|Any CPU
		{AB4AD797-58BC-4E84-BCB9-8B1DB608D3B6}.Debug|Any CPU.ActiveCfg = Debug|Any CPU
		{AB4AD797-58BC-4E84-BCB9-8B1DB608D3B6}.Debug|Any CPU.Build.0 = Debug|Any CPU
		{AB4AD797-58BC-4E84-BCB9-8B1DB608D3B6}.Release|Any CPU.ActiveCfg = Release|Any CPU
		{AB4AD797-58BC-4E84-BCB9-8B1DB608D3B6}.Release|Any CPU.Build.0 = Release|Any CPU
		{6136D24A-B4A7-4F4C-B1ED-03907A122B11}.Debug|Any CPU.ActiveCfg = Debug|Any CPU
		{6136D24A-B4A7-4F4C-B1ED-03907A122B11}.Debug|Any CPU.Build.0 = Debug|Any CPU
		{6136D24A-B4A7-4F4C-B1ED-03907A122B11}.Release|Any CPU.ActiveCfg = Release|Any CPU
		{6136D24A-B4A7-4F4C-B1ED-03907A122B11}.Release|Any CPU.Build.0 = Release|Any CPU
		{D54CDB46-37C8-42E0-B195-8AF2595D77AA}.Debug|Any CPU.ActiveCfg = Debug|Any CPU
		{D54CDB46-37C8-42E0-B195-8AF2595D77AA}.Debug|Any CPU.Build.0 = Debug|Any CPU
		{D54CDB46-37C8-42E0-B195-8AF2595D77AA}.Release|Any CPU.ActiveCfg = Release|Any CPU
		{D54CDB46-37C8-42E0-B195-8AF2595D77AA}.Release|Any CPU.Build.0 = Release|Any CPU
		{DB1A5AF1-B447-4DC8-8BE3-051AD7C21680}.Debug|Any CPU.ActiveCfg = Debug|Any CPU
		{DB1A5AF1-B447-4DC8-8BE3-051AD7C21680}.Debug|Any CPU.Build.0 = Debug|Any CPU
		{DB1A5AF1-B447-4DC8-8BE3-051AD7C21680}.Release|Any CPU.ActiveCfg = Release|Any CPU
		{DB1A5AF1-B447-4DC8-8BE3-051AD7C21680}.Release|Any CPU.Build.0 = Release|Any CPU
		{61952ADD-8A16-40C8-8301-3B8F833205F9}.Debug|Any CPU.ActiveCfg = Debug|Any CPU
		{61952ADD-8A16-40C8-8301-3B8F833205F9}.Debug|Any CPU.Build.0 = Debug|Any CPU
		{61952ADD-8A16-40C8-8301-3B8F833205F9}.Release|Any CPU.ActiveCfg = Release|Any CPU
		{61952ADD-8A16-40C8-8301-3B8F833205F9}.Release|Any CPU.Build.0 = Release|Any CPU
		{4FC85A67-CC32-4E41-9698-A7F8D4F91673}.Debug|Any CPU.ActiveCfg = Debug|Any CPU
		{4FC85A67-CC32-4E41-9698-A7F8D4F91673}.Debug|Any CPU.Build.0 = Debug|Any CPU
		{4FC85A67-CC32-4E41-9698-A7F8D4F91673}.Release|Any CPU.ActiveCfg = Release|Any CPU
		{4FC85A67-CC32-4E41-9698-A7F8D4F91673}.Release|Any CPU.Build.0 = Release|Any CPU
		{73C92EFF-E80B-472D-9A86-21E437032952}.Debug|Any CPU.ActiveCfg = Debug|Any CPU
		{73C92EFF-E80B-472D-9A86-21E437032952}.Debug|Any CPU.Build.0 = Debug|Any CPU
		{73C92EFF-E80B-472D-9A86-21E437032952}.Release|Any CPU.ActiveCfg = Release|Any CPU
		{73C92EFF-E80B-472D-9A86-21E437032952}.Release|Any CPU.Build.0 = Release|Any CPU
		{97F01878-AE29-46C0-82FA-4B164472791E}.Debug|Any CPU.ActiveCfg = Debug|Any CPU
		{97F01878-AE29-46C0-82FA-4B164472791E}.Debug|Any CPU.Build.0 = Debug|Any CPU
		{97F01878-AE29-46C0-82FA-4B164472791E}.Release|Any CPU.ActiveCfg = Release|Any CPU
		{97F01878-AE29-46C0-82FA-4B164472791E}.Release|Any CPU.Build.0 = Release|Any CPU
		{F89E6A5F-D02E-4D5F-B66C-BB18F7C37B1B}.Debug|Any CPU.ActiveCfg = Debug|Any CPU
		{F89E6A5F-D02E-4D5F-B66C-BB18F7C37B1B}.Debug|Any CPU.Build.0 = Debug|Any CPU
		{F89E6A5F-D02E-4D5F-B66C-BB18F7C37B1B}.Release|Any CPU.ActiveCfg = Release|Any CPU
		{F89E6A5F-D02E-4D5F-B66C-BB18F7C37B1B}.Release|Any CPU.Build.0 = Release|Any CPU
	EndGlobalSection
	GlobalSection(SolutionProperties) = preSolution
		HideSolutionNode = FALSE
	EndGlobalSection
	GlobalSection(NestedProjects) = preSolution
		{B10BFE5B-55D3-4E92-BF4B-85967DEBD6CC} = {07D8C96F-4ABA-4EB0-AEAD-2F0ADD0EE2DC}
		{27C154E4-EB71-4181-82F0-CBE291FA6289} = {07D8C96F-4ABA-4EB0-AEAD-2F0ADD0EE2DC}
		{E085A271-BA7C-4856-AEC8-7E7D19FDE155} = {07D8C96F-4ABA-4EB0-AEAD-2F0ADD0EE2DC}
		{8587B113-4F1D-4ABC-874E-C177AB1B4259} = {07D8C96F-4ABA-4EB0-AEAD-2F0ADD0EE2DC}
		{DA4857DD-4A15-4208-AFB8-B59A087707D5} = {B10BFE5B-55D3-4E92-BF4B-85967DEBD6CC}
		{953DBA83-1CC1-409C-9BC5-6CD205563FFE} = {DA4857DD-4A15-4208-AFB8-B59A087707D5}
		{40C428CB-B0AD-4DC0-A662-62CE74B40660} = {27C154E4-EB71-4181-82F0-CBE291FA6289}
		{1F96AFCD-C867-45E3-B432-36B98BFB7261} = {40C428CB-B0AD-4DC0-A662-62CE74B40660}
		{C5245512-DBCE-4B30-933D-3672F10A9D6E} = {40C428CB-B0AD-4DC0-A662-62CE74B40660}
		{7264CF6F-3408-4D27-A21B-F95D1CE566BB} = {40C428CB-B0AD-4DC0-A662-62CE74B40660}
		{AB4AD797-58BC-4E84-BCB9-8B1DB608D3B6} = {40C428CB-B0AD-4DC0-A662-62CE74B40660}
		{4DDA836E-5450-4F96-8C6A-DD7F7BFC42D6} = {8587B113-4F1D-4ABC-874E-C177AB1B4259}
		{6136D24A-B4A7-4F4C-B1ED-03907A122B11} = {4DDA836E-5450-4F96-8C6A-DD7F7BFC42D6}
		{3A39E40B-BAD3-4838-A8B7-DB25B7A77D99} = {E085A271-BA7C-4856-AEC8-7E7D19FDE155}
		{D54CDB46-37C8-42E0-B195-8AF2595D77AA} = {3A39E40B-BAD3-4838-A8B7-DB25B7A77D99}
		{2BAB5581-4AB2-4EBE-BEFA-96EF52EC3790} = {E085A271-BA7C-4856-AEC8-7E7D19FDE155}
		{DB1A5AF1-B447-4DC8-8BE3-051AD7C21680} = {2BAB5581-4AB2-4EBE-BEFA-96EF52EC3790}
		{7654EA3A-3FE5-499A-877E-77FACA3FDEAA} = {E085A271-BA7C-4856-AEC8-7E7D19FDE155}
		{61952ADD-8A16-40C8-8301-3B8F833205F9} = {7654EA3A-3FE5-499A-877E-77FACA3FDEAA}
		{BF6E85FF-7C1A-414E-9DD1-451DD41D174B} = {E085A271-BA7C-4856-AEC8-7E7D19FDE155}
		{4FC85A67-CC32-4E41-9698-A7F8D4F91673} = {BF6E85FF-7C1A-414E-9DD1-451DD41D174B}
		{C6172CC1-65C7-4781-99E4-71C7CBD3DC03} = {E085A271-BA7C-4856-AEC8-7E7D19FDE155}
		{73C92EFF-E80B-472D-9A86-21E437032952} = {C6172CC1-65C7-4781-99E4-71C7CBD3DC03}
		{97F01878-AE29-46C0-82FA-4B164472791E} = {C6172CC1-65C7-4781-99E4-71C7CBD3DC03}
		{F89E6A5F-D02E-4D5F-B66C-BB18F7C37B1B} = {C6172CC1-65C7-4781-99E4-71C7CBD3DC03}
	EndGlobalSection
	GlobalSection(ExtensibilityGlobals) = postSolution
		SolutionGuid = {B161CADC-4E4A-4041-ADE1-5F712725F271}
	EndGlobalSection
EndGlobal
