
Microsoft Visual Studio Solution File, Format Version 12.00
# Visual Studio Version 17
VisualStudioVersion = 17.8.34525.116
MinimumVisualStudioVersion = 10.0.40219.1
Project("{2150E333-8FDC-42A3-9474-1A3956D46DE8}") = "src", "src", "{07D8C96F-4ABA-4EB0-AEAD-2F0ADD0EE2DC}"
EndProject
Project("{2150E333-8FDC-42A3-9474-1A3956D46DE8}") = "Solution Items", "Solution Items", "{AF78198B-AE8B-4A0E-9D34-259EF7B97D44}"
	ProjectSection(SolutionItems) = preProject
		ServiceUrls.txt = ServiceUrls.txt
	EndProjectSection
EndProject
Project("{2150E333-8FDC-42A3-9474-1A3956D46DE8}") = "ApiGateways", "ApiGateways", "{B10BFE5B-55D3-4E92-BF4B-85967DEBD6CC}"
EndProject
Project("{2150E333-8FDC-42A3-9474-1A3956D46DE8}") = "BuildingBlocks", "BuildingBlocks", "{27C154E4-EB71-4181-82F0-CBE291FA6289}"
EndProject
Project("{2150E333-8FDC-42A3-9474-1A3956D46DE8}") = "Services", "Services", "{E085A271-BA7C-4856-AEC8-7E7D19FDE155}"
EndProject
Project("{2150E333-8FDC-42A3-9474-1A3956D46DE8}") = "Clients", "Clients", "{8587B113-4F1D-4ABC-874E-C177AB1B4259}"
EndProject
Project("{2150E333-8FDC-42A3-9474-1A3956D46DE8}") = "WebApiGateway", "WebApiGateway", "{DA4857DD-4A15-4208-AFB8-B59A087707D5}"
EndProject
Project("{FAE04EC0-301F-11D3-BF4B-00C04F79EFBC}") = "Web.ApiGateway", "src\ApiGateways\WebApiGateway\Web.ApiGateway\Web.ApiGateway.csproj", "{953DBA83-1CC1-409C-9BC5-6CD205563FFE}"
EndProject
Global
	GlobalSection(SolutionConfigurationPlatforms) = preSolution
		Debug|Any CPU = Debug|Any CPU
		Release|Any CPU = Release|Any CPU
	EndGlobalSection
	GlobalSection(ProjectConfigurationPlatforms) = postSolution
		{953DBA83-1CC1-409C-9BC5-6CD205563FFE}.Debug|Any CPU.ActiveCfg = Debug|Any CPU
		{953DBA83-1CC1-409C-9BC5-6CD205563FFE}.Debug|Any CPU.Build.0 = Debug|Any CPU
		{953DBA83-1CC1-409C-9BC5-6CD205563FFE}.Release|Any CPU.ActiveCfg = Release|Any CPU
		{953DBA83-1CC1-409C-9BC5-6CD205563FFE}.Release|Any CPU.Build.0 = Release|Any CPU
	EndGlobalSection
	GlobalSection(SolutionProperties) = preSolution
		HideSolutionNode = FALSE
	EndGlobalSection
	GlobalSection(NestedProjects) = preSolution
		{B10BFE5B-55D3-4E92-BF4B-85967DEBD6CC} = {07D8C96F-4ABA-4EB0-AEAD-2F0ADD0EE2DC}
		{27C154E4-EB71-4181-82F0-CBE291FA6289} = {07D8C96F-4ABA-4EB0-AEAD-2F0ADD0EE2DC}
		{E085A271-BA7C-4856-AEC8-7E7D19FDE155} = {07D8C96F-4ABA-4EB0-AEAD-2F0ADD0EE2DC}
		{8587B113-4F1D-4ABC-874E-C177AB1B4259} = {07D8C96F-4ABA-4EB0-AEAD-2F0ADD0EE2DC}
		{DA4857DD-4A15-4208-AFB8-B59A087707D5} = {B10BFE5B-55D3-4E92-BF4B-85967DEBD6CC}
		{953DBA83-1CC1-409C-9BC5-6CD205563FFE} = {DA4857DD-4A15-4208-AFB8-B59A087707D5}
	EndGlobalSection
	GlobalSection(ExtensibilityGlobals) = postSolution
		SolutionGuid = {B161CADC-4E4A-4041-ADE1-5F712725F271}
	EndGlobalSection
EndGlobal
